
Microsoft Visual Studio Solution File, Format Version 12.00
# Visual Studio Version 16
VisualStudioVersion = 16.0.30011.22
MinimumVisualStudioVersion = 15.0.26124.0
Project("{2150E333-8FDC-42A3-9474-1A3956D46DE8}") = "Domain", "Domain", "{CC0F5F20-4CC1-11EA-9CDB-A1C7977EB7DB}"
EndProject
Project("{2150E333-8FDC-42A3-9474-1A3956D46DE8}") = "Infra.bus", "Infra.bus", "{D4517A10-4CC1-11EA-9CDB-A1C7977EB7DB}"
EndProject
Project("{2150E333-8FDC-42A3-9474-1A3956D46DE8}") = "Microservices", "Microservices", "{DAF1A4D0-4CC1-11EA-9CDB-A1C7977EB7DB}"
EndProject
Project("{2150E333-8FDC-42A3-9474-1A3956D46DE8}") = "Presentation", "Presentation", "{E1C03290-4CC1-11EA-9CDB-A1C7977EB7DB}"
EndProject
Project("{9A19103F-16F7-4668-BE54-9A1E7A4F7556}") = "Microservice.RabbitMQ.Domain.Core", "Domain\Microservice.RabbitMQ.Domain.Core\Microservice.RabbitMQ.Domain.Core.csproj", "{9DAC2769-F570-4919-BB95-5CA503C84AFA}"
EndProject
Project("{9A19103F-16F7-4668-BE54-9A1E7A4F7556}") = "Microservice.RabbitMQ.Infra.Bus", "Infra.Bus\Microservice.RabbitMQ.Infra.Bus\Microservice.RabbitMQ.Infra.Bus.csproj", "{159D5FF8-0892-4417-9BED-24D8BF6D7ED2}"
EndProject
Project("{2150E333-8FDC-42A3-9474-1A3956D46DE8}") = "Infra.IoC", "Infra.IoC", "{C26E2C80-4D89-11EA-B3D8-6FCD1780E228}"
EndProject
Project("{9A19103F-16F7-4668-BE54-9A1E7A4F7556}") = "Microservice.RabbitMQ.Infra.IoC", "Infra.IoC\Microservice.RabbitMQ.Infra.IoC\Microservice.RabbitMQ.Infra.IoC.csproj", "{36559B0B-986D-49AC-97A9-E9F16277E22C}"
EndProject
Project("{2150E333-8FDC-42A3-9474-1A3956D46DE8}") = "Banking", "Banking", "{72A7E55E-0A8E-4BAD-B839-98C7E61AF1DF}"
EndProject
Project("{2150E333-8FDC-42A3-9474-1A3956D46DE8}") = "Api", "Api", "{7EFD716E-5BF5-42CB-8445-E7371EFEC795}"
EndProject
Project("{2150E333-8FDC-42A3-9474-1A3956D46DE8}") = "Domain", "Domain", "{336AE904-A873-4FF4-B266-EA76FC21312A}"
EndProject
Project("{2150E333-8FDC-42A3-9474-1A3956D46DE8}") = "Application", "Application", "{909AB7F8-48A3-429D-9A2E-CCE91A90E955}"
EndProject
Project("{2150E333-8FDC-42A3-9474-1A3956D46DE8}") = "Data", "Data", "{0FDE05E1-6C38-4564-9B98-C499416187C6}"
EndProject
Project("{FAE04EC0-301F-11D3-BF4B-00C04F79EFBC}") = "Microservice.RabbitMQ.Banking.Api", "Microservice.RabbitMQ.Banking.Api\Microservice.RabbitMQ.Banking.Api.csproj", "{5C9EBF84-DAF2-4F63-84A4-3E167FB22FFF}"
EndProject
Project("{FAE04EC0-301F-11D3-BF4B-00C04F79EFBC}") = "Microservice.RabbitMQ.Application", "Microservice.RabbitMQ.Application\Microservice.RabbitMQ.Application.csproj", "{05BFB2D3-E98D-4F49-ABB0-2BA6A843D856}"
EndProject
Project("{FAE04EC0-301F-11D3-BF4B-00C04F79EFBC}") = "Microservice.RabbitMQ.Domain", "Microservice.RabbitMQ.Domain\Microservice.RabbitMQ.Domain.csproj", "{AC3A6A11-4325-448A-9292-A23FFD0DB59F}"
EndProject
Global
	GlobalSection(SolutionConfigurationPlatforms) = preSolution
		Debug|Any CPU = Debug|Any CPU
		Debug|x64 = Debug|x64
		Debug|x86 = Debug|x86
		Release|Any CPU = Release|Any CPU
		Release|x64 = Release|x64
		Release|x86 = Release|x86
	EndGlobalSection
	GlobalSection(ProjectConfigurationPlatforms) = postSolution
		{9DAC2769-F570-4919-BB95-5CA503C84AFA}.Debug|Any CPU.ActiveCfg = Debug|Any CPU
		{9DAC2769-F570-4919-BB95-5CA503C84AFA}.Debug|Any CPU.Build.0 = Debug|Any CPU
		{9DAC2769-F570-4919-BB95-5CA503C84AFA}.Debug|x64.ActiveCfg = Debug|Any CPU
		{9DAC2769-F570-4919-BB95-5CA503C84AFA}.Debug|x64.Build.0 = Debug|Any CPU
		{9DAC2769-F570-4919-BB95-5CA503C84AFA}.Debug|x86.ActiveCfg = Debug|Any CPU
		{9DAC2769-F570-4919-BB95-5CA503C84AFA}.Debug|x86.Build.0 = Debug|Any CPU
		{9DAC2769-F570-4919-BB95-5CA503C84AFA}.Release|Any CPU.ActiveCfg = Release|Any CPU
		{9DAC2769-F570-4919-BB95-5CA503C84AFA}.Release|Any CPU.Build.0 = Release|Any CPU
		{9DAC2769-F570-4919-BB95-5CA503C84AFA}.Release|x64.ActiveCfg = Release|Any CPU
		{9DAC2769-F570-4919-BB95-5CA503C84AFA}.Release|x64.Build.0 = Release|Any CPU
		{9DAC2769-F570-4919-BB95-5CA503C84AFA}.Release|x86.ActiveCfg = Release|Any CPU
		{9DAC2769-F570-4919-BB95-5CA503C84AFA}.Release|x86.Build.0 = Release|Any CPU
		{159D5FF8-0892-4417-9BED-24D8BF6D7ED2}.Debug|Any CPU.ActiveCfg = Debug|Any CPU
		{159D5FF8-0892-4417-9BED-24D8BF6D7ED2}.Debug|Any CPU.Build.0 = Debug|Any CPU
		{159D5FF8-0892-4417-9BED-24D8BF6D7ED2}.Debug|x64.ActiveCfg = Debug|Any CPU
		{159D5FF8-0892-4417-9BED-24D8BF6D7ED2}.Debug|x64.Build.0 = Debug|Any CPU
		{159D5FF8-0892-4417-9BED-24D8BF6D7ED2}.Debug|x86.ActiveCfg = Debug|Any CPU
		{159D5FF8-0892-4417-9BED-24D8BF6D7ED2}.Debug|x86.Build.0 = Debug|Any CPU
		{159D5FF8-0892-4417-9BED-24D8BF6D7ED2}.Release|Any CPU.ActiveCfg = Release|Any CPU
		{159D5FF8-0892-4417-9BED-24D8BF6D7ED2}.Release|Any CPU.Build.0 = Release|Any CPU
		{159D5FF8-0892-4417-9BED-24D8BF6D7ED2}.Release|x64.ActiveCfg = Release|Any CPU
		{159D5FF8-0892-4417-9BED-24D8BF6D7ED2}.Release|x64.Build.0 = Release|Any CPU
		{159D5FF8-0892-4417-9BED-24D8BF6D7ED2}.Release|x86.ActiveCfg = Release|Any CPU
		{159D5FF8-0892-4417-9BED-24D8BF6D7ED2}.Release|x86.Build.0 = Release|Any CPU
		{36559B0B-986D-49AC-97A9-E9F16277E22C}.Debug|Any CPU.ActiveCfg = Debug|Any CPU
		{36559B0B-986D-49AC-97A9-E9F16277E22C}.Debug|Any CPU.Build.0 = Debug|Any CPU
		{36559B0B-986D-49AC-97A9-E9F16277E22C}.Debug|x64.ActiveCfg = Debug|Any CPU
		{36559B0B-986D-49AC-97A9-E9F16277E22C}.Debug|x64.Build.0 = Debug|Any CPU
		{36559B0B-986D-49AC-97A9-E9F16277E22C}.Debug|x86.ActiveCfg = Debug|Any CPU
		{36559B0B-986D-49AC-97A9-E9F16277E22C}.Debug|x86.Build.0 = Debug|Any CPU
		{36559B0B-986D-49AC-97A9-E9F16277E22C}.Release|Any CPU.ActiveCfg = Release|Any CPU
		{36559B0B-986D-49AC-97A9-E9F16277E22C}.Release|Any CPU.Build.0 = Release|Any CPU
		{36559B0B-986D-49AC-97A9-E9F16277E22C}.Release|x64.ActiveCfg = Release|Any CPU
		{36559B0B-986D-49AC-97A9-E9F16277E22C}.Release|x64.Build.0 = Release|Any CPU
		{36559B0B-986D-49AC-97A9-E9F16277E22C}.Release|x86.ActiveCfg = Release|Any CPU
		{36559B0B-986D-49AC-97A9-E9F16277E22C}.Release|x86.Build.0 = Release|Any CPU
		{5C9EBF84-DAF2-4F63-84A4-3E167FB22FFF}.Debug|Any CPU.ActiveCfg = Debug|Any CPU
		{5C9EBF84-DAF2-4F63-84A4-3E167FB22FFF}.Debug|Any CPU.Build.0 = Debug|Any CPU
		{5C9EBF84-DAF2-4F63-84A4-3E167FB22FFF}.Debug|x64.ActiveCfg = Debug|Any CPU
		{5C9EBF84-DAF2-4F63-84A4-3E167FB22FFF}.Debug|x64.Build.0 = Debug|Any CPU
		{5C9EBF84-DAF2-4F63-84A4-3E167FB22FFF}.Debug|x86.ActiveCfg = Debug|Any CPU
		{5C9EBF84-DAF2-4F63-84A4-3E167FB22FFF}.Debug|x86.Build.0 = Debug|Any CPU
		{5C9EBF84-DAF2-4F63-84A4-3E167FB22FFF}.Release|Any CPU.ActiveCfg = Release|Any CPU
		{5C9EBF84-DAF2-4F63-84A4-3E167FB22FFF}.Release|Any CPU.Build.0 = Release|Any CPU
		{5C9EBF84-DAF2-4F63-84A4-3E167FB22FFF}.Release|x64.ActiveCfg = Release|Any CPU
		{5C9EBF84-DAF2-4F63-84A4-3E167FB22FFF}.Release|x64.Build.0 = Release|Any CPU
		{5C9EBF84-DAF2-4F63-84A4-3E167FB22FFF}.Release|x86.ActiveCfg = Release|Any CPU
		{5C9EBF84-DAF2-4F63-84A4-3E167FB22FFF}.Release|x86.Build.0 = Release|Any CPU
		{05BFB2D3-E98D-4F49-ABB0-2BA6A843D856}.Debug|Any CPU.ActiveCfg = Debug|Any CPU
		{05BFB2D3-E98D-4F49-ABB0-2BA6A843D856}.Debug|Any CPU.Build.0 = Debug|Any CPU
		{05BFB2D3-E98D-4F49-ABB0-2BA6A843D856}.Debug|x64.ActiveCfg = Debug|Any CPU
		{05BFB2D3-E98D-4F49-ABB0-2BA6A843D856}.Debug|x64.Build.0 = Debug|Any CPU
		{05BFB2D3-E98D-4F49-ABB0-2BA6A843D856}.Debug|x86.ActiveCfg = Debug|Any CPU
		{05BFB2D3-E98D-4F49-ABB0-2BA6A843D856}.Debug|x86.Build.0 = Debug|Any CPU
		{05BFB2D3-E98D-4F49-ABB0-2BA6A843D856}.Release|Any CPU.ActiveCfg = Release|Any CPU
		{05BFB2D3-E98D-4F49-ABB0-2BA6A843D856}.Release|Any CPU.Build.0 = Release|Any CPU
		{05BFB2D3-E98D-4F49-ABB0-2BA6A843D856}.Release|x64.ActiveCfg = Release|Any CPU
		{05BFB2D3-E98D-4F49-ABB0-2BA6A843D856}.Release|x64.Build.0 = Release|Any CPU
		{05BFB2D3-E98D-4F49-ABB0-2BA6A843D856}.Release|x86.ActiveCfg = Release|Any CPU
		{05BFB2D3-E98D-4F49-ABB0-2BA6A843D856}.Release|x86.Build.0 = Release|Any CPU
		{AC3A6A11-4325-448A-9292-A23FFD0DB59F}.Debug|Any CPU.ActiveCfg = Debug|Any CPU
		{AC3A6A11-4325-448A-9292-A23FFD0DB59F}.Debug|Any CPU.Build.0 = Debug|Any CPU
		{AC3A6A11-4325-448A-9292-A23FFD0DB59F}.Debug|x64.ActiveCfg = Debug|Any CPU
		{AC3A6A11-4325-448A-9292-A23FFD0DB59F}.Debug|x64.Build.0 = Debug|Any CPU
		{AC3A6A11-4325-448A-9292-A23FFD0DB59F}.Debug|x86.ActiveCfg = Debug|Any CPU
		{AC3A6A11-4325-448A-9292-A23FFD0DB59F}.Debug|x86.Build.0 = Debug|Any CPU
		{AC3A6A11-4325-448A-9292-A23FFD0DB59F}.Release|Any CPU.ActiveCfg = Release|Any CPU
		{AC3A6A11-4325-448A-9292-A23FFD0DB59F}.Release|Any CPU.Build.0 = Release|Any CPU
		{AC3A6A11-4325-448A-9292-A23FFD0DB59F}.Release|x64.ActiveCfg = Release|Any CPU
		{AC3A6A11-4325-448A-9292-A23FFD0DB59F}.Release|x64.Build.0 = Release|Any CPU
		{AC3A6A11-4325-448A-9292-A23FFD0DB59F}.Release|x86.ActiveCfg = Release|Any CPU
		{AC3A6A11-4325-448A-9292-A23FFD0DB59F}.Release|x86.Build.0 = Release|Any CPU
	EndGlobalSection
	GlobalSection(SolutionProperties) = preSolution
		HideSolutionNode = FALSE
	EndGlobalSection
	GlobalSection(NestedProjects) = preSolution
		{9DAC2769-F570-4919-BB95-5CA503C84AFA} = {CC0F5F20-4CC1-11EA-9CDB-A1C7977EB7DB}
		{159D5FF8-0892-4417-9BED-24D8BF6D7ED2} = {D4517A10-4CC1-11EA-9CDB-A1C7977EB7DB}
		{36559B0B-986D-49AC-97A9-E9F16277E22C} = {C26E2C80-4D89-11EA-B3D8-6FCD1780E228}
		{72A7E55E-0A8E-4BAD-B839-98C7E61AF1DF} = {DAF1A4D0-4CC1-11EA-9CDB-A1C7977EB7DB}
		{7EFD716E-5BF5-42CB-8445-E7371EFEC795} = {72A7E55E-0A8E-4BAD-B839-98C7E61AF1DF}
		{336AE904-A873-4FF4-B266-EA76FC21312A} = {72A7E55E-0A8E-4BAD-B839-98C7E61AF1DF}
		{909AB7F8-48A3-429D-9A2E-CCE91A90E955} = {72A7E55E-0A8E-4BAD-B839-98C7E61AF1DF}
		{0FDE05E1-6C38-4564-9B98-C499416187C6} = {72A7E55E-0A8E-4BAD-B839-98C7E61AF1DF}
		{5C9EBF84-DAF2-4F63-84A4-3E167FB22FFF} = {7EFD716E-5BF5-42CB-8445-E7371EFEC795}
		{05BFB2D3-E98D-4F49-ABB0-2BA6A843D856} = {909AB7F8-48A3-429D-9A2E-CCE91A90E955}
		{AC3A6A11-4325-448A-9292-A23FFD0DB59F} = {336AE904-A873-4FF4-B266-EA76FC21312A}
	EndGlobalSection
	GlobalSection(ExtensibilityGlobals) = postSolution
		SolutionGuid = {14FBC3B1-06E2-494F-9744-5DC4319CFE15}
	EndGlobalSection
EndGlobal
