
Microsoft Visual Studio Solution File, Format Version 12.00
# Visual Studio Version 16
VisualStudioVersion = 16.0.30011.22
MinimumVisualStudioVersion = 15.0.26124.0
Project("{2150E333-8FDC-42A3-9474-1A3956D46DE8}") = "Domain", "Domain", "{CC0F5F20-4CC1-11EA-9CDB-A1C7977EB7DB}"
EndProject
Project("{2150E333-8FDC-42A3-9474-1A3956D46DE8}") = "Infra.bus", "Infra.bus", "{D4517A10-4CC1-11EA-9CDB-A1C7977EB7DB}"
EndProject
Project("{2150E333-8FDC-42A3-9474-1A3956D46DE8}") = "Microservices", "Microservices", "{DAF1A4D0-4CC1-11EA-9CDB-A1C7977EB7DB}"
EndProject
Project("{2150E333-8FDC-42A3-9474-1A3956D46DE8}") = "Presentation", "Presentation", "{E1C03290-4CC1-11EA-9CDB-A1C7977EB7DB}"
EndProject
Project("{9A19103F-16F7-4668-BE54-9A1E7A4F7556}") = "Microservice.RabbitMQ.Domain.Core", "Domain\Microservice.RabbitMQ.Domain.Core\Microservice.RabbitMQ.Domain.Core.csproj", "{9DAC2769-F570-4919-BB95-5CA503C84AFA}"
EndProject
Project("{9A19103F-16F7-4668-BE54-9A1E7A4F7556}") = "Microservice.RabbitMQ.Infra.Bus", "Infra.Bus\Microservice.RabbitMQ.Infra.Bus\Microservice.RabbitMQ.Infra.Bus.csproj", "{159D5FF8-0892-4417-9BED-24D8BF6D7ED2}"
EndProject
Project("{2150E333-8FDC-42A3-9474-1A3956D46DE8}") = "Infra.IoC", "Infra.IoC", "{C26E2C80-4D89-11EA-B3D8-6FCD1780E228}"
EndProject
Project("{9A19103F-16F7-4668-BE54-9A1E7A4F7556}") = "Microservice.RabbitMQ.Infra.IoC", "Infra.IoC\Microservice.RabbitMQ.Infra.IoC\Microservice.RabbitMQ.Infra.IoC.csproj", "{36559B0B-986D-49AC-97A9-E9F16277E22C}"
EndProject
Project("{2150E333-8FDC-42A3-9474-1A3956D46DE8}") = "Banking", "Banking", "{72A7E55E-0A8E-4BAD-B839-98C7E61AF1DF}"
EndProject
Project("{2150E333-8FDC-42A3-9474-1A3956D46DE8}") = "Api", "Api", "{7EFD716E-5BF5-42CB-8445-E7371EFEC795}"
EndProject
Project("{2150E333-8FDC-42A3-9474-1A3956D46DE8}") = "Domain", "Domain", "{336AE904-A873-4FF4-B266-EA76FC21312A}"
EndProject
Project("{2150E333-8FDC-42A3-9474-1A3956D46DE8}") = "Application", "Application", "{909AB7F8-48A3-429D-9A2E-CCE91A90E955}"
EndProject
Project("{2150E333-8FDC-42A3-9474-1A3956D46DE8}") = "Data", "Data", "{0FDE05E1-6C38-4564-9B98-C499416187C6}"
EndProject
Project("{9A19103F-16F7-4668-BE54-9A1E7A4F7556}") = "Microservice.RabbitMQ.Banking.Api", "Microservice.RabbitMQ.Banking.Api\Microservice.RabbitMQ.Banking.Api.csproj", "{5C9EBF84-DAF2-4F63-84A4-3E167FB22FFF}"
EndProject
Project("{9A19103F-16F7-4668-BE54-9A1E7A4F7556}") = "Microservice.RabbitMQ.Banking.Application", "Microservice.RabbitMQ.Application\Microservice.RabbitMQ.Banking.Application.csproj", "{05BFB2D3-E98D-4F49-ABB0-2BA6A843D856}"
EndProject
Project("{9A19103F-16F7-4668-BE54-9A1E7A4F7556}") = "Microservice.RabbitMQ.Banking.Data", "Microservice.RabbitMQ.Banking.Data\Microservice.RabbitMQ.Banking.Data.csproj", "{23A94044-0960-4165-8EA3-EC4022AA5487}"
EndProject
Project("{9A19103F-16F7-4668-BE54-9A1E7A4F7556}") = "Microservice.RabbitMQ.Banking.Domain", "Microservice.RabbitMQ.Domain\Microservice.RabbitMQ.Banking.Domain\Microservice.RabbitMQ.Banking.Domain.csproj", "{A774C6C9-661F-4F9E-B179-20146022640D}"
EndProject
Project("{2150E333-8FDC-42A3-9474-1A3956D46DE8}") = "Transfer", "Transfer", "{A5A4C31A-993B-4974-BE43-0DEC337A9600}"
EndProject
Project("{2150E333-8FDC-42A3-9474-1A3956D46DE8}") = "Api", "Api", "{C2C07D64-7384-410B-B143-9426C0557DF9}"
EndProject
Project("{2150E333-8FDC-42A3-9474-1A3956D46DE8}") = "Application", "Application", "{BAFE1D6F-E2AC-4F01-9A6A-9AC790F9FCCA}"
EndProject
Project("{2150E333-8FDC-42A3-9474-1A3956D46DE8}") = "Domain", "Domain", "{7A3DCDE6-AED1-4EE2-B463-69529A83838A}"
EndProject
Project("{2150E333-8FDC-42A3-9474-1A3956D46DE8}") = "Data", "Data", "{089AB9B3-7AE7-4222-8369-76D5498D86AA}"
EndProject
Project("{FAE04EC0-301F-11D3-BF4B-00C04F79EFBC}") = "Microservice.RabbitMQ.Transfer.Api", "Microservice.RabbitMQ.Transfer.Api\Microservice.RabbitMQ.Transfer.Api.csproj", "{898FE843-374C-4BEE-8745-2A26A6D73784}"
EndProject
Project("{FAE04EC0-301F-11D3-BF4B-00C04F79EFBC}") = "Microservice.RabbitMQ.Transfer.Application", "Microservice.RabbitMQ.Transfer.Application\Microservice.RabbitMQ.Transfer.Application.csproj", "{DFB052DC-D6AE-4683-9603-6D98DAE3CC2F}"
EndProject
Project("{FAE04EC0-301F-11D3-BF4B-00C04F79EFBC}") = "Microservice.RabbitMQ.Transfer.Domain", "Microservice.RabbitMQ.Transfer.Domain\Microservice.RabbitMQ.Transfer.Domain.csproj", "{D1F36F93-F6EE-494B-AFD8-E59DF803BACF}"
EndProject
Project("{FAE04EC0-301F-11D3-BF4B-00C04F79EFBC}") = "Microservice.RabbitMQ.Transfer.Data", "Microservice.RabbitMQ.Transfer.Data\Microservice.RabbitMQ.Transfer.Data.csproj", "{A1443A63-876F-4E5E-BFA4-C09034F6B601}"
EndProject
Global
	GlobalSection(SolutionConfigurationPlatforms) = preSolution
		Debug|Any CPU = Debug|Any CPU
		Debug|x64 = Debug|x64
		Debug|x86 = Debug|x86
		Release|Any CPU = Release|Any CPU
		Release|x64 = Release|x64
		Release|x86 = Release|x86
	EndGlobalSection
	GlobalSection(ProjectConfigurationPlatforms) = postSolution
		{9DAC2769-F570-4919-BB95-5CA503C84AFA}.Debug|Any CPU.ActiveCfg = Debug|Any CPU
		{9DAC2769-F570-4919-BB95-5CA503C84AFA}.Debug|Any CPU.Build.0 = Debug|Any CPU
		{9DAC2769-F570-4919-BB95-5CA503C84AFA}.Debug|x64.ActiveCfg = Debug|Any CPU
		{9DAC2769-F570-4919-BB95-5CA503C84AFA}.Debug|x64.Build.0 = Debug|Any CPU
		{9DAC2769-F570-4919-BB95-5CA503C84AFA}.Debug|x86.ActiveCfg = Debug|Any CPU
		{9DAC2769-F570-4919-BB95-5CA503C84AFA}.Debug|x86.Build.0 = Debug|Any CPU
		{9DAC2769-F570-4919-BB95-5CA503C84AFA}.Release|Any CPU.ActiveCfg = Release|Any CPU
		{9DAC2769-F570-4919-BB95-5CA503C84AFA}.Release|Any CPU.Build.0 = Release|Any CPU
		{9DAC2769-F570-4919-BB95-5CA503C84AFA}.Release|x64.ActiveCfg = Release|Any CPU
		{9DAC2769-F570-4919-BB95-5CA503C84AFA}.Release|x64.Build.0 = Release|Any CPU
		{9DAC2769-F570-4919-BB95-5CA503C84AFA}.Release|x86.ActiveCfg = Release|Any CPU
		{9DAC2769-F570-4919-BB95-5CA503C84AFA}.Release|x86.Build.0 = Release|Any CPU
		{159D5FF8-0892-4417-9BED-24D8BF6D7ED2}.Debug|Any CPU.ActiveCfg = Debug|Any CPU
		{159D5FF8-0892-4417-9BED-24D8BF6D7ED2}.Debug|Any CPU.Build.0 = Debug|Any CPU
		{159D5FF8-0892-4417-9BED-24D8BF6D7ED2}.Debug|x64.ActiveCfg = Debug|Any CPU
		{159D5FF8-0892-4417-9BED-24D8BF6D7ED2}.Debug|x64.Build.0 = Debug|Any CPU
		{159D5FF8-0892-4417-9BED-24D8BF6D7ED2}.Debug|x86.ActiveCfg = Debug|Any CPU
		{159D5FF8-0892-4417-9BED-24D8BF6D7ED2}.Debug|x86.Build.0 = Debug|Any CPU
		{159D5FF8-0892-4417-9BED-24D8BF6D7ED2}.Release|Any CPU.ActiveCfg = Release|Any CPU
		{159D5FF8-0892-4417-9BED-24D8BF6D7ED2}.Release|Any CPU.Build.0 = Release|Any CPU
		{159D5FF8-0892-4417-9BED-24D8BF6D7ED2}.Release|x64.ActiveCfg = Release|Any CPU
		{159D5FF8-0892-4417-9BED-24D8BF6D7ED2}.Release|x64.Build.0 = Release|Any CPU
		{159D5FF8-0892-4417-9BED-24D8BF6D7ED2}.Release|x86.ActiveCfg = Release|Any CPU
		{159D5FF8-0892-4417-9BED-24D8BF6D7ED2}.Release|x86.Build.0 = Release|Any CPU
		{36559B0B-986D-49AC-97A9-E9F16277E22C}.Debug|Any CPU.ActiveCfg = Debug|Any CPU
		{36559B0B-986D-49AC-97A9-E9F16277E22C}.Debug|Any CPU.Build.0 = Debug|Any CPU
		{36559B0B-986D-49AC-97A9-E9F16277E22C}.Debug|x64.ActiveCfg = Debug|Any CPU
		{36559B0B-986D-49AC-97A9-E9F16277E22C}.Debug|x64.Build.0 = Debug|Any CPU
		{36559B0B-986D-49AC-97A9-E9F16277E22C}.Debug|x86.ActiveCfg = Debug|Any CPU
		{36559B0B-986D-49AC-97A9-E9F16277E22C}.Debug|x86.Build.0 = Debug|Any CPU
		{36559B0B-986D-49AC-97A9-E9F16277E22C}.Release|Any CPU.ActiveCfg = Release|Any CPU
		{36559B0B-986D-49AC-97A9-E9F16277E22C}.Release|Any CPU.Build.0 = Release|Any CPU
		{36559B0B-986D-49AC-97A9-E9F16277E22C}.Release|x64.ActiveCfg = Release|Any CPU
		{36559B0B-986D-49AC-97A9-E9F16277E22C}.Release|x64.Build.0 = Release|Any CPU
		{36559B0B-986D-49AC-97A9-E9F16277E22C}.Release|x86.ActiveCfg = Release|Any CPU
		{36559B0B-986D-49AC-97A9-E9F16277E22C}.Release|x86.Build.0 = Release|Any CPU
		{5C9EBF84-DAF2-4F63-84A4-3E167FB22FFF}.Debug|Any CPU.ActiveCfg = Debug|Any CPU
		{5C9EBF84-DAF2-4F63-84A4-3E167FB22FFF}.Debug|Any CPU.Build.0 = Debug|Any CPU
		{5C9EBF84-DAF2-4F63-84A4-3E167FB22FFF}.Debug|x64.ActiveCfg = Debug|Any CPU
		{5C9EBF84-DAF2-4F63-84A4-3E167FB22FFF}.Debug|x64.Build.0 = Debug|Any CPU
		{5C9EBF84-DAF2-4F63-84A4-3E167FB22FFF}.Debug|x86.ActiveCfg = Debug|Any CPU
		{5C9EBF84-DAF2-4F63-84A4-3E167FB22FFF}.Debug|x86.Build.0 = Debug|Any CPU
		{5C9EBF84-DAF2-4F63-84A4-3E167FB22FFF}.Release|Any CPU.ActiveCfg = Release|Any CPU
		{5C9EBF84-DAF2-4F63-84A4-3E167FB22FFF}.Release|Any CPU.Build.0 = Release|Any CPU
		{5C9EBF84-DAF2-4F63-84A4-3E167FB22FFF}.Release|x64.ActiveCfg = Release|Any CPU
		{5C9EBF84-DAF2-4F63-84A4-3E167FB22FFF}.Release|x64.Build.0 = Release|Any CPU
		{5C9EBF84-DAF2-4F63-84A4-3E167FB22FFF}.Release|x86.ActiveCfg = Release|Any CPU
		{5C9EBF84-DAF2-4F63-84A4-3E167FB22FFF}.Release|x86.Build.0 = Release|Any CPU
		{05BFB2D3-E98D-4F49-ABB0-2BA6A843D856}.Debug|Any CPU.ActiveCfg = Debug|Any CPU
		{05BFB2D3-E98D-4F49-ABB0-2BA6A843D856}.Debug|Any CPU.Build.0 = Debug|Any CPU
		{05BFB2D3-E98D-4F49-ABB0-2BA6A843D856}.Debug|x64.ActiveCfg = Debug|Any CPU
		{05BFB2D3-E98D-4F49-ABB0-2BA6A843D856}.Debug|x64.Build.0 = Debug|Any CPU
		{05BFB2D3-E98D-4F49-ABB0-2BA6A843D856}.Debug|x86.ActiveCfg = Debug|Any CPU
		{05BFB2D3-E98D-4F49-ABB0-2BA6A843D856}.Debug|x86.Build.0 = Debug|Any CPU
		{05BFB2D3-E98D-4F49-ABB0-2BA6A843D856}.Release|Any CPU.ActiveCfg = Release|Any CPU
		{05BFB2D3-E98D-4F49-ABB0-2BA6A843D856}.Release|Any CPU.Build.0 = Release|Any CPU
		{05BFB2D3-E98D-4F49-ABB0-2BA6A843D856}.Release|x64.ActiveCfg = Release|Any CPU
		{05BFB2D3-E98D-4F49-ABB0-2BA6A843D856}.Release|x64.Build.0 = Release|Any CPU
		{05BFB2D3-E98D-4F49-ABB0-2BA6A843D856}.Release|x86.ActiveCfg = Release|Any CPU
		{05BFB2D3-E98D-4F49-ABB0-2BA6A843D856}.Release|x86.Build.0 = Release|Any CPU
		{23A94044-0960-4165-8EA3-EC4022AA5487}.Debug|Any CPU.ActiveCfg = Debug|Any CPU
		{23A94044-0960-4165-8EA3-EC4022AA5487}.Debug|Any CPU.Build.0 = Debug|Any CPU
		{23A94044-0960-4165-8EA3-EC4022AA5487}.Debug|x64.ActiveCfg = Debug|Any CPU
		{23A94044-0960-4165-8EA3-EC4022AA5487}.Debug|x64.Build.0 = Debug|Any CPU
		{23A94044-0960-4165-8EA3-EC4022AA5487}.Debug|x86.ActiveCfg = Debug|Any CPU
		{23A94044-0960-4165-8EA3-EC4022AA5487}.Debug|x86.Build.0 = Debug|Any CPU
		{23A94044-0960-4165-8EA3-EC4022AA5487}.Release|Any CPU.ActiveCfg = Release|Any CPU
		{23A94044-0960-4165-8EA3-EC4022AA5487}.Release|Any CPU.Build.0 = Release|Any CPU
		{23A94044-0960-4165-8EA3-EC4022AA5487}.Release|x64.ActiveCfg = Release|Any CPU
		{23A94044-0960-4165-8EA3-EC4022AA5487}.Release|x64.Build.0 = Release|Any CPU
		{23A94044-0960-4165-8EA3-EC4022AA5487}.Release|x86.ActiveCfg = Release|Any CPU
		{23A94044-0960-4165-8EA3-EC4022AA5487}.Release|x86.Build.0 = Release|Any CPU
		{A774C6C9-661F-4F9E-B179-20146022640D}.Debug|Any CPU.ActiveCfg = Debug|Any CPU
		{A774C6C9-661F-4F9E-B179-20146022640D}.Debug|Any CPU.Build.0 = Debug|Any CPU
		{A774C6C9-661F-4F9E-B179-20146022640D}.Debug|x64.ActiveCfg = Debug|Any CPU
		{A774C6C9-661F-4F9E-B179-20146022640D}.Debug|x64.Build.0 = Debug|Any CPU
		{A774C6C9-661F-4F9E-B179-20146022640D}.Debug|x86.ActiveCfg = Debug|Any CPU
		{A774C6C9-661F-4F9E-B179-20146022640D}.Debug|x86.Build.0 = Debug|Any CPU
		{A774C6C9-661F-4F9E-B179-20146022640D}.Release|Any CPU.ActiveCfg = Release|Any CPU
		{A774C6C9-661F-4F9E-B179-20146022640D}.Release|Any CPU.Build.0 = Release|Any CPU
		{A774C6C9-661F-4F9E-B179-20146022640D}.Release|x64.ActiveCfg = Release|Any CPU
		{A774C6C9-661F-4F9E-B179-20146022640D}.Release|x64.Build.0 = Release|Any CPU
		{A774C6C9-661F-4F9E-B179-20146022640D}.Release|x86.ActiveCfg = Release|Any CPU
		{A774C6C9-661F-4F9E-B179-20146022640D}.Release|x86.Build.0 = Release|Any CPU
		{898FE843-374C-4BEE-8745-2A26A6D73784}.Debug|Any CPU.ActiveCfg = Debug|Any CPU
		{898FE843-374C-4BEE-8745-2A26A6D73784}.Debug|Any CPU.Build.0 = Debug|Any CPU
		{898FE843-374C-4BEE-8745-2A26A6D73784}.Debug|x64.ActiveCfg = Debug|Any CPU
		{898FE843-374C-4BEE-8745-2A26A6D73784}.Debug|x64.Build.0 = Debug|Any CPU
		{898FE843-374C-4BEE-8745-2A26A6D73784}.Debug|x86.ActiveCfg = Debug|Any CPU
		{898FE843-374C-4BEE-8745-2A26A6D73784}.Debug|x86.Build.0 = Debug|Any CPU
		{898FE843-374C-4BEE-8745-2A26A6D73784}.Release|Any CPU.ActiveCfg = Release|Any CPU
		{898FE843-374C-4BEE-8745-2A26A6D73784}.Release|Any CPU.Build.0 = Release|Any CPU
		{898FE843-374C-4BEE-8745-2A26A6D73784}.Release|x64.ActiveCfg = Release|Any CPU
		{898FE843-374C-4BEE-8745-2A26A6D73784}.Release|x64.Build.0 = Release|Any CPU
		{898FE843-374C-4BEE-8745-2A26A6D73784}.Release|x86.ActiveCfg = Release|Any CPU
		{898FE843-374C-4BEE-8745-2A26A6D73784}.Release|x86.Build.0 = Release|Any CPU
		{DFB052DC-D6AE-4683-9603-6D98DAE3CC2F}.Debug|Any CPU.ActiveCfg = Debug|Any CPU
		{DFB052DC-D6AE-4683-9603-6D98DAE3CC2F}.Debug|Any CPU.Build.0 = Debug|Any CPU
		{DFB052DC-D6AE-4683-9603-6D98DAE3CC2F}.Debug|x64.ActiveCfg = Debug|Any CPU
		{DFB052DC-D6AE-4683-9603-6D98DAE3CC2F}.Debug|x64.Build.0 = Debug|Any CPU
		{DFB052DC-D6AE-4683-9603-6D98DAE3CC2F}.Debug|x86.ActiveCfg = Debug|Any CPU
		{DFB052DC-D6AE-4683-9603-6D98DAE3CC2F}.Debug|x86.Build.0 = Debug|Any CPU
		{DFB052DC-D6AE-4683-9603-6D98DAE3CC2F}.Release|Any CPU.ActiveCfg = Release|Any CPU
		{DFB052DC-D6AE-4683-9603-6D98DAE3CC2F}.Release|Any CPU.Build.0 = Release|Any CPU
		{DFB052DC-D6AE-4683-9603-6D98DAE3CC2F}.Release|x64.ActiveCfg = Release|Any CPU
		{DFB052DC-D6AE-4683-9603-6D98DAE3CC2F}.Release|x64.Build.0 = Release|Any CPU
		{DFB052DC-D6AE-4683-9603-6D98DAE3CC2F}.Release|x86.ActiveCfg = Release|Any CPU
		{DFB052DC-D6AE-4683-9603-6D98DAE3CC2F}.Release|x86.Build.0 = Release|Any CPU
		{D1F36F93-F6EE-494B-AFD8-E59DF803BACF}.Debug|Any CPU.ActiveCfg = Debug|Any CPU
		{D1F36F93-F6EE-494B-AFD8-E59DF803BACF}.Debug|Any CPU.Build.0 = Debug|Any CPU
		{D1F36F93-F6EE-494B-AFD8-E59DF803BACF}.Debug|x64.ActiveCfg = Debug|Any CPU
		{D1F36F93-F6EE-494B-AFD8-E59DF803BACF}.Debug|x64.Build.0 = Debug|Any CPU
		{D1F36F93-F6EE-494B-AFD8-E59DF803BACF}.Debug|x86.ActiveCfg = Debug|Any CPU
		{D1F36F93-F6EE-494B-AFD8-E59DF803BACF}.Debug|x86.Build.0 = Debug|Any CPU
		{D1F36F93-F6EE-494B-AFD8-E59DF803BACF}.Release|Any CPU.ActiveCfg = Release|Any CPU
		{D1F36F93-F6EE-494B-AFD8-E59DF803BACF}.Release|Any CPU.Build.0 = Release|Any CPU
		{D1F36F93-F6EE-494B-AFD8-E59DF803BACF}.Release|x64.ActiveCfg = Release|Any CPU
		{D1F36F93-F6EE-494B-AFD8-E59DF803BACF}.Release|x64.Build.0 = Release|Any CPU
		{D1F36F93-F6EE-494B-AFD8-E59DF803BACF}.Release|x86.ActiveCfg = Release|Any CPU
		{D1F36F93-F6EE-494B-AFD8-E59DF803BACF}.Release|x86.Build.0 = Release|Any CPU
		{A1443A63-876F-4E5E-BFA4-C09034F6B601}.Debug|Any CPU.ActiveCfg = Debug|Any CPU
		{A1443A63-876F-4E5E-BFA4-C09034F6B601}.Debug|Any CPU.Build.0 = Debug|Any CPU
		{A1443A63-876F-4E5E-BFA4-C09034F6B601}.Debug|x64.ActiveCfg = Debug|Any CPU
		{A1443A63-876F-4E5E-BFA4-C09034F6B601}.Debug|x64.Build.0 = Debug|Any CPU
		{A1443A63-876F-4E5E-BFA4-C09034F6B601}.Debug|x86.ActiveCfg = Debug|Any CPU
		{A1443A63-876F-4E5E-BFA4-C09034F6B601}.Debug|x86.Build.0 = Debug|Any CPU
		{A1443A63-876F-4E5E-BFA4-C09034F6B601}.Release|Any CPU.ActiveCfg = Release|Any CPU
		{A1443A63-876F-4E5E-BFA4-C09034F6B601}.Release|Any CPU.Build.0 = Release|Any CPU
		{A1443A63-876F-4E5E-BFA4-C09034F6B601}.Release|x64.ActiveCfg = Release|Any CPU
		{A1443A63-876F-4E5E-BFA4-C09034F6B601}.Release|x64.Build.0 = Release|Any CPU
		{A1443A63-876F-4E5E-BFA4-C09034F6B601}.Release|x86.ActiveCfg = Release|Any CPU
		{A1443A63-876F-4E5E-BFA4-C09034F6B601}.Release|x86.Build.0 = Release|Any CPU
	EndGlobalSection
	GlobalSection(SolutionProperties) = preSolution
		HideSolutionNode = FALSE
	EndGlobalSection
	GlobalSection(NestedProjects) = preSolution
		{9DAC2769-F570-4919-BB95-5CA503C84AFA} = {CC0F5F20-4CC1-11EA-9CDB-A1C7977EB7DB}
		{159D5FF8-0892-4417-9BED-24D8BF6D7ED2} = {D4517A10-4CC1-11EA-9CDB-A1C7977EB7DB}
		{36559B0B-986D-49AC-97A9-E9F16277E22C} = {C26E2C80-4D89-11EA-B3D8-6FCD1780E228}
		{72A7E55E-0A8E-4BAD-B839-98C7E61AF1DF} = {DAF1A4D0-4CC1-11EA-9CDB-A1C7977EB7DB}
		{7EFD716E-5BF5-42CB-8445-E7371EFEC795} = {72A7E55E-0A8E-4BAD-B839-98C7E61AF1DF}
		{336AE904-A873-4FF4-B266-EA76FC21312A} = {72A7E55E-0A8E-4BAD-B839-98C7E61AF1DF}
		{909AB7F8-48A3-429D-9A2E-CCE91A90E955} = {72A7E55E-0A8E-4BAD-B839-98C7E61AF1DF}
		{0FDE05E1-6C38-4564-9B98-C499416187C6} = {72A7E55E-0A8E-4BAD-B839-98C7E61AF1DF}
		{5C9EBF84-DAF2-4F63-84A4-3E167FB22FFF} = {7EFD716E-5BF5-42CB-8445-E7371EFEC795}
		{05BFB2D3-E98D-4F49-ABB0-2BA6A843D856} = {909AB7F8-48A3-429D-9A2E-CCE91A90E955}
		{23A94044-0960-4165-8EA3-EC4022AA5487} = {0FDE05E1-6C38-4564-9B98-C499416187C6}
		{A774C6C9-661F-4F9E-B179-20146022640D} = {336AE904-A873-4FF4-B266-EA76FC21312A}
		{A5A4C31A-993B-4974-BE43-0DEC337A9600} = {DAF1A4D0-4CC1-11EA-9CDB-A1C7977EB7DB}
		{C2C07D64-7384-410B-B143-9426C0557DF9} = {A5A4C31A-993B-4974-BE43-0DEC337A9600}
		{BAFE1D6F-E2AC-4F01-9A6A-9AC790F9FCCA} = {A5A4C31A-993B-4974-BE43-0DEC337A9600}
		{7A3DCDE6-AED1-4EE2-B463-69529A83838A} = {A5A4C31A-993B-4974-BE43-0DEC337A9600}
		{089AB9B3-7AE7-4222-8369-76D5498D86AA} = {A5A4C31A-993B-4974-BE43-0DEC337A9600}
		{898FE843-374C-4BEE-8745-2A26A6D73784} = {C2C07D64-7384-410B-B143-9426C0557DF9}
		{DFB052DC-D6AE-4683-9603-6D98DAE3CC2F} = {BAFE1D6F-E2AC-4F01-9A6A-9AC790F9FCCA}
		{D1F36F93-F6EE-494B-AFD8-E59DF803BACF} = {7A3DCDE6-AED1-4EE2-B463-69529A83838A}
		{A1443A63-876F-4E5E-BFA4-C09034F6B601} = {089AB9B3-7AE7-4222-8369-76D5498D86AA}
	EndGlobalSection
	GlobalSection(ExtensibilityGlobals) = postSolution
		SolutionGuid = {14FBC3B1-06E2-494F-9744-5DC4319CFE15}
	EndGlobalSection
EndGlobal
